// !$*UTF8*$!
{
	archiveVersion = 1;
	classes = {
	};
	objectVersion = 46;
	objects = {

/* Begin PBXBuildFile section */
		A6869E011D229E5D00C1D1B1 /* base_p in Resources */ = {isa = PBXBuildFile; fileRef = A6869E001D229E5D00C1D1B1 /* base_p */; };
		A6869E0F1D229EF600C1D1B1 /* Main.cpp in Sources */ = {isa = PBXBuildFile; fileRef = A6869E0A1D229EF600C1D1B1 /* Main.cpp */; };
		A6869E101D229EF600C1D1B1 /* TestAppDelegate.cpp in Sources */ = {isa = PBXBuildFile; fileRef = A6869E0B1D229EF600C1D1B1 /* TestAppDelegate.cpp */; };
		C637A4CF1A82376D003061B9 /* MainMenu.xib in Resources */ = {isa = PBXBuildFile; fileRef = C637A4CD1A82371B003061B9 /* MainMenu.xib */; };
		C653DB821AC1835E006AF2E9 /* StoreKit.framework in Frameworks */ = {isa = PBXBuildFile; fileRef = C653DB811AC1835E006AF2E9 /* StoreKit.framework */; };
		C6B8C3521AD501E200AF7B11 /* mac.entitlements in Resources */ = {isa = PBXBuildFile; fileRef = C6B8C3511AD501E200AF7B11 /* mac.entitlements */; };
		C6D17C7A1A7BA30200A1C3FE /* GameKit.framework in Frameworks */ = {isa = PBXBuildFile; fileRef = C6D17C791A7BA30200A1C3FE /* GameKit.framework */; };
		C6D17C7C1A7BA31500A1C3FE /* Cocoa.framework in Frameworks */ = {isa = PBXBuildFile; fileRef = C6D17C7B1A7BA31500A1C3FE /* Cocoa.framework */; };
		C6D17C7E1A7BA31B00A1C3FE /* Foundation.framework in Frameworks */ = {isa = PBXBuildFile; fileRef = C6D17C7D1A7BA31B00A1C3FE /* Foundation.framework */; };
		C6D17C801A7BA45A00A1C3FE /* OpenGL.framework in Frameworks */ = {isa = PBXBuildFile; fileRef = C6D17C7F1A7BA45A00A1C3FE /* OpenGL.framework */; };
		C6D17C821A7BA45F00A1C3FE /* OpenAL.framework in Frameworks */ = {isa = PBXBuildFile; fileRef = C6D17C811A7BA45F00A1C3FE /* OpenAL.framework */; };
		C6D17C861A7BA50800A1C3FE /* Security.framework in Frameworks */ = {isa = PBXBuildFile; fileRef = C6D17C851A7BA50800A1C3FE /* Security.framework */; };
		C6D17C881A7BA52600A1C3FE /* IOKit.framework in Frameworks */ = {isa = PBXBuildFile; fileRef = C6D17C871A7BA52600A1C3FE /* IOKit.framework */; };
		C6D17C8A1A7BA55500A1C3FE /* SystemConfiguration.framework in Frameworks */ = {isa = PBXBuildFile; fileRef = C6D17C891A7BA55500A1C3FE /* SystemConfiguration.framework */; };
		C6D17ECE1A7BD48200A1C3FE /* AudioToolbox.framework in Frameworks */ = {isa = PBXBuildFile; fileRef = C6D17ECD1A7BD48200A1C3FE /* AudioToolbox.framework */; };
		C6DF33721A8114BA00716306 /* Images.xcassets in Resources */ = {isa = PBXBuildFile; fileRef = C6C0DA0D1A711C7D00F125C2 /* Images.xcassets */; };
		E737B9F61F78F33B00017577 /* Scene.cpp in Sources */ = {isa = PBXBuildFile; fileRef = E737B9F41F78F33B00017577 /* Scene.cpp */; };
		E737B9FA1F791BDF00017577 /* SceneWidget.cpp in Sources */ = {isa = PBXBuildFile; fileRef = E737B9F81F791BDF00017577 /* SceneWidget.cpp */; };
		E737B9FD1F791E5D00017577 /* ImageWidget.cpp in Sources */ = {isa = PBXBuildFile; fileRef = E737B9FB1F791E5D00017577 /* ImageWidget.cpp */; };
		E737BA001F79488F00017577 /* ButtonWidget.cpp in Sources */ = {isa = PBXBuildFile; fileRef = E737B9FE1F79488F00017577 /* ButtonWidget.cpp */; };
		E737BA071F7958D100017577 /* CircleAim.cpp in Sources */ = {isa = PBXBuildFile; fileRef = E737BA051F7958D100017577 /* CircleAim.cpp */; };
/* End PBXBuildFile section */

/* Begin PBXCopyFilesBuildPhase section */
		C6FA68531A8259F200DF63C4 /* CopyFiles */ = {
			isa = PBXCopyFilesBuildPhase;
			buildActionMask = 2147483647;
			dstPath = "";
			dstSubfolderSpec = 10;
			files = (
			);
			runOnlyForDeploymentPostprocessing = 0;
		};
/* End PBXCopyFilesBuildPhase section */

/* Begin PBXFileReference section */
		A6869E001D229E5D00C1D1B1 /* base_p */ = {isa = PBXFileReference; lastKnownFileType = folder; name = base_p; path = ../../bin/base_p; sourceTree = "<group>"; };
		A6869E0A1D229EF600C1D1B1 /* Main.cpp */ = {isa = PBXFileReference; explicitFileType = sourcecode.cpp.objcpp; fileEncoding = 4; name = Main.cpp; path = ../../src/Main.cpp; sourceTree = "<group>"; };
		A6869E0B1D229EF600C1D1B1 /* TestAppDelegate.cpp */ = {isa = PBXFileReference; fileEncoding = 4; lastKnownFileType = sourcecode.cpp.cpp; name = TestAppDelegate.cpp; path = ../../src/TestAppDelegate.cpp; sourceTree = "<group>"; };
		A6869E0C1D229EF600C1D1B1 /* TestAppDelegate.h */ = {isa = PBXFileReference; fileEncoding = 4; lastKnownFileType = sourcecode.c.h; name = TestAppDelegate.h; path = ../../src/TestAppDelegate.h; sourceTree = "<group>"; };
		C62A7DCA1B5D306700147E52 /* splash.png */ = {isa = PBXFileReference; lastKnownFileType = image.png; path = splash.png; sourceTree = "<group>"; };
		C637A4CD1A82371B003061B9 /* MainMenu.xib */ = {isa = PBXFileReference; fileEncoding = 4; lastKnownFileType = file.xib; path = MainMenu.xib; sourceTree = "<group>"; };
		C653DB811AC1835E006AF2E9 /* StoreKit.framework */ = {isa = PBXFileReference; lastKnownFileType = wrapper.framework; name = StoreKit.framework; path = System/Library/Frameworks/StoreKit.framework; sourceTree = SDKROOT; };
		C6B8C3511AD501E200AF7B11 /* mac.entitlements */ = {isa = PBXFileReference; fileEncoding = 4; lastKnownFileType = text.xml; path = mac.entitlements; sourceTree = SOURCE_ROOT; };
		C6C0D9DF1A710BD600F125C2 /* Test.app */ = {isa = PBXFileReference; explicitFileType = wrapper.application; includeInIndex = 0; path = Test.app; sourceTree = BUILT_PRODUCTS_DIR; };
		C6C0DA0D1A711C7D00F125C2 /* Images.xcassets */ = {isa = PBXFileReference; lastKnownFileType = folder.assetcatalog; path = Images.xcassets; sourceTree = "<group>"; };
		C6C0DA0E1A711C7D00F125C2 /* Info.plist */ = {isa = PBXFileReference; fileEncoding = 4; lastKnownFileType = text.plist.xml; path = Info.plist; sourceTree = "<group>"; };
		C6D17C791A7BA30200A1C3FE /* GameKit.framework */ = {isa = PBXFileReference; lastKnownFileType = wrapper.framework; name = GameKit.framework; path = System/Library/Frameworks/GameKit.framework; sourceTree = SDKROOT; };
		C6D17C7B1A7BA31500A1C3FE /* Cocoa.framework */ = {isa = PBXFileReference; lastKnownFileType = wrapper.framework; name = Cocoa.framework; path = System/Library/Frameworks/Cocoa.framework; sourceTree = SDKROOT; };
		C6D17C7D1A7BA31B00A1C3FE /* Foundation.framework */ = {isa = PBXFileReference; lastKnownFileType = wrapper.framework; name = Foundation.framework; path = System/Library/Frameworks/Foundation.framework; sourceTree = SDKROOT; };
		C6D17C7F1A7BA45A00A1C3FE /* OpenGL.framework */ = {isa = PBXFileReference; lastKnownFileType = wrapper.framework; name = OpenGL.framework; path = System/Library/Frameworks/OpenGL.framework; sourceTree = SDKROOT; };
		C6D17C811A7BA45F00A1C3FE /* OpenAL.framework */ = {isa = PBXFileReference; lastKnownFileType = wrapper.framework; name = OpenAL.framework; path = System/Library/Frameworks/OpenAL.framework; sourceTree = SDKROOT; };
		C6D17C851A7BA50800A1C3FE /* Security.framework */ = {isa = PBXFileReference; lastKnownFileType = wrapper.framework; name = Security.framework; path = System/Library/Frameworks/Security.framework; sourceTree = SDKROOT; };
		C6D17C871A7BA52600A1C3FE /* IOKit.framework */ = {isa = PBXFileReference; lastKnownFileType = wrapper.framework; name = IOKit.framework; path = System/Library/Frameworks/IOKit.framework; sourceTree = SDKROOT; };
		C6D17C891A7BA55500A1C3FE /* SystemConfiguration.framework */ = {isa = PBXFileReference; lastKnownFileType = wrapper.framework; name = SystemConfiguration.framework; path = System/Library/Frameworks/SystemConfiguration.framework; sourceTree = SDKROOT; };
		C6D17ECD1A7BD48200A1C3FE /* AudioToolbox.framework */ = {isa = PBXFileReference; lastKnownFileType = wrapper.framework; name = AudioToolbox.framework; path = System/Library/Frameworks/AudioToolbox.framework; sourceTree = SDKROOT; };
		E737B9F41F78F33B00017577 /* Scene.cpp */ = {isa = PBXFileReference; fileEncoding = 4; lastKnownFileType = sourcecode.cpp.cpp; name = Scene.cpp; path = ../../src/Scene/Scene.cpp; sourceTree = "<group>"; };
		E737B9F51F78F33B00017577 /* Scene.h */ = {isa = PBXFileReference; fileEncoding = 4; lastKnownFileType = sourcecode.c.h; name = Scene.h; path = ../../src/Scene/Scene.h; sourceTree = "<group>"; };
		E737B9F81F791BDF00017577 /* SceneWidget.cpp */ = {isa = PBXFileReference; fileEncoding = 4; lastKnownFileType = sourcecode.cpp.cpp; name = SceneWidget.cpp; path = ../../src/Widgets/SceneWidget.cpp; sourceTree = "<group>"; };
		E737B9F91F791BDF00017577 /* SceneWidget.h */ = {isa = PBXFileReference; fileEncoding = 4; lastKnownFileType = sourcecode.c.h; name = SceneWidget.h; path = ../../src/Widgets/SceneWidget.h; sourceTree = "<group>"; };
		E737B9FB1F791E5D00017577 /* ImageWidget.cpp */ = {isa = PBXFileReference; fileEncoding = 4; lastKnownFileType = sourcecode.cpp.cpp; name = ImageWidget.cpp; path = ../../src/Widgets/ImageWidget.cpp; sourceTree = "<group>"; };
		E737B9FC1F791E5D00017577 /* ImageWidget.h */ = {isa = PBXFileReference; fileEncoding = 4; lastKnownFileType = sourcecode.c.h; name = ImageWidget.h; path = ../../src/Widgets/ImageWidget.h; sourceTree = "<group>"; };
		E737B9FE1F79488F00017577 /* ButtonWidget.cpp */ = {isa = PBXFileReference; fileEncoding = 4; lastKnownFileType = sourcecode.cpp.cpp; name = ButtonWidget.cpp; path = ../../src/Widgets/ButtonWidget.cpp; sourceTree = "<group>"; };
		E737B9FF1F79488F00017577 /* ButtonWidget.h */ = {isa = PBXFileReference; fileEncoding = 4; lastKnownFileType = sourcecode.c.h; name = ButtonWidget.h; path = ../../src/Widgets/ButtonWidget.h; sourceTree = "<group>"; };
		E737BA051F7958D100017577 /* CircleAim.cpp */ = {isa = PBXFileReference; fileEncoding = 4; lastKnownFileType = sourcecode.cpp.cpp; name = CircleAim.cpp; path = ../../src/Scene/Objects/CircleAim.cpp; sourceTree = "<group>"; };
		E737BA061F7958D100017577 /* CircleAim.h */ = {isa = PBXFileReference; fileEncoding = 4; lastKnownFileType = sourcecode.c.h; name = CircleAim.h; path = ../../src/Scene/Objects/CircleAim.h; sourceTree = "<group>"; };
/* End PBXFileReference section */

/* Begin PBXFrameworksBuildPhase section */
		C6C0D9DC1A710BD600F125C2 /* Frameworks */ = {
			isa = PBXFrameworksBuildPhase;
			buildActionMask = 2147483647;
			files = (
				C653DB821AC1835E006AF2E9 /* StoreKit.framework in Frameworks */,
				C6D17ECE1A7BD48200A1C3FE /* AudioToolbox.framework in Frameworks */,
				C6D17C8A1A7BA55500A1C3FE /* SystemConfiguration.framework in Frameworks */,
				C6D17C881A7BA52600A1C3FE /* IOKit.framework in Frameworks */,
				C6D17C861A7BA50800A1C3FE /* Security.framework in Frameworks */,
				C6D17C821A7BA45F00A1C3FE /* OpenAL.framework in Frameworks */,
				C6D17C801A7BA45A00A1C3FE /* OpenGL.framework in Frameworks */,
				C6D17C7E1A7BA31B00A1C3FE /* Foundation.framework in Frameworks */,
				C6D17C7C1A7BA31500A1C3FE /* Cocoa.framework in Frameworks */,
				C6D17C7A1A7BA30200A1C3FE /* GameKit.framework in Frameworks */,
			);
			runOnlyForDeploymentPostprocessing = 0;
		};
/* End PBXFrameworksBuildPhase section */

/* Begin PBXGroup section */
		C6B8C3531AD502F700AF7B11 /* Classes */ = {
			isa = PBXGroup;
			children = (
			);
			name = Classes;
			sourceTree = "<group>";
		};
		C6C0D9D41A710B6400F125C2 = {
			isa = PBXGroup;
			children = (
				A6869E001D229E5D00C1D1B1 /* base_p */,
				C6C0DA031A71106C00F125C2 /* Dependencies */,
				C6C0DA021A71106500F125C2 /* Frameworks */,
				C6B8C3531AD502F700AF7B11 /* Classes */,
				C6C0DA011A71104B00F125C2 /* src */,
				C6C0DA001A71103100F125C2 /* Resources */,
				C6C0D9E01A710BD600F125C2 /* Products */,
			);
			sourceTree = "<group>";
			usesTabs = 1;
		};
		C6C0D9E01A710BD600F125C2 /* Products */ = {
			isa = PBXGroup;
			children = (
				C6C0D9DF1A710BD600F125C2 /* Test.app */,
			);
			name = Products;
			sourceTree = "<group>";
		};
		C6C0DA001A71103100F125C2 /* Resources */ = {
			isa = PBXGroup;
			children = (
				C62A7DCA1B5D306700147E52 /* splash.png */,
				C6B8C3511AD501E200AF7B11 /* mac.entitlements */,
				C6C0DA0D1A711C7D00F125C2 /* Images.xcassets */,
				C6C0DA0E1A711C7D00F125C2 /* Info.plist */,
				C637A4CD1A82371B003061B9 /* MainMenu.xib */,
			);
			name = Resources;
			path = res;
			sourceTree = "<group>";
		};
		C6C0DA011A71104B00F125C2 /* src */ = {
			isa = PBXGroup;
			children = (
				E737B9F71F791B9A00017577 /* Widgets */,
				E737B9F31F78F32C00017577 /* Scene */,
				A6869E0A1D229EF600C1D1B1 /* Main.cpp */,
				A6869E0B1D229EF600C1D1B1 /* TestAppDelegate.cpp */,
				A6869E0C1D229EF600C1D1B1 /* TestAppDelegate.h */,
			);
			name = src;
			path = ../../test/src;
			sourceTree = "<group>";
		};
		C6C0DA021A71106500F125C2 /* Frameworks */ = {
			isa = PBXGroup;
			children = (
				C653DB811AC1835E006AF2E9 /* StoreKit.framework */,
				C6D17ECD1A7BD48200A1C3FE /* AudioToolbox.framework */,
				C6D17C891A7BA55500A1C3FE /* SystemConfiguration.framework */,
				C6D17C871A7BA52600A1C3FE /* IOKit.framework */,
				C6D17C851A7BA50800A1C3FE /* Security.framework */,
				C6D17C811A7BA45F00A1C3FE /* OpenAL.framework */,
				C6D17C7F1A7BA45A00A1C3FE /* OpenGL.framework */,
				C6D17C7D1A7BA31B00A1C3FE /* Foundation.framework */,
				C6D17C7B1A7BA31500A1C3FE /* Cocoa.framework */,
				C6D17C791A7BA30200A1C3FE /* GameKit.framework */,
			);
			name = Frameworks;
			sourceTree = "<group>";
		};
		C6C0DA031A71106C00F125C2 /* Dependencies */ = {
			isa = PBXGroup;
			children = (
			);
			name = Dependencies;
			sourceTree = "<group>";
		};
		E737B9F31F78F32C00017577 /* Scene */ = {
			isa = PBXGroup;
			children = (
				E737BA011F79583100017577 /* Objects */,
				E737B9F41F78F33B00017577 /* Scene.cpp */,
				E737B9F51F78F33B00017577 /* Scene.h */,
			);
			name = Scene;
			sourceTree = "<group>";
		};
		E737B9F71F791B9A00017577 /* Widgets */ = {
			isa = PBXGroup;
			children = (
				E737B9FE1F79488F00017577 /* ButtonWidget.cpp */,
				E737B9FF1F79488F00017577 /* ButtonWidget.h */,
				E737B9FB1F791E5D00017577 /* ImageWidget.cpp */,
				E737B9FC1F791E5D00017577 /* ImageWidget.h */,
				E737B9F81F791BDF00017577 /* SceneWidget.cpp */,
				E737B9F91F791BDF00017577 /* SceneWidget.h */,
			);
			name = Widgets;
			sourceTree = "<group>";
		};
		E737BA011F79583100017577 /* Objects */ = {
			isa = PBXGroup;
			children = (
				E737BA051F7958D100017577 /* CircleAim.cpp */,
				E737BA061F7958D100017577 /* CircleAim.h */,
			);
			name = Objects;
			sourceTree = "<group>";
		};
/* End PBXGroup section */

/* Begin PBXNativeTarget section */
		C6C0D9DE1A710BD600F125C2 /* Test */ = {
			isa = PBXNativeTarget;
			buildConfigurationList = C6C0D9FE1A710BD700F125C2 /* Build configuration list for PBXNativeTarget "Test" */;
			buildPhases = (
				C6C0D9DB1A710BD600F125C2 /* Sources */,
				C6C0D9DC1A710BD600F125C2 /* Frameworks */,
				C6C0D9DD1A710BD600F125C2 /* Resources */,
				C6353EAA1A80E697006A534E /* ShellScript */,
				C6FA68531A8259F200DF63C4 /* CopyFiles */,
			);
			buildRules = (
			);
			dependencies = (
			);
			name = Test;
			productName = "Gardenscapes Freemium";
			productReference = C6C0D9DF1A710BD600F125C2 /* Test.app */;
			productType = "com.apple.product-type.application";
		};
/* End PBXNativeTarget section */

/* Begin PBXProject section */
		C6C0D9D51A710B6400F125C2 /* Project object */ = {
			isa = PBXProject;
			attributes = {
				LastUpgradeCheck = 0800;
				TargetAttributes = {
					C6C0D9DE1A710BD600F125C2 = {
						CreatedOnToolsVersion = 6.1.1;
					};
				};
			};
			buildConfigurationList = C6C0D9D81A710B6400F125C2 /* Build configuration list for PBXProject "Test" */;
			compatibilityVersion = "Xcode 3.2";
			developmentRegion = English;
			hasScannedForEncodings = 0;
			knownRegions = (
				en,
				Base,
			);
			mainGroup = C6C0D9D41A710B6400F125C2;
			productRefGroup = C6C0D9E01A710BD600F125C2 /* Products */;
			projectDirPath = "";
			projectRoot = "";
			targets = (
				C6C0D9DE1A710BD600F125C2 /* Test */,
			);
		};
/* End PBXProject section */

/* Begin PBXResourcesBuildPhase section */
		C6C0D9DD1A710BD600F125C2 /* Resources */ = {
			isa = PBXResourcesBuildPhase;
			buildActionMask = 2147483647;
			files = (
				A6869E011D229E5D00C1D1B1 /* base_p in Resources */,
				C637A4CF1A82376D003061B9 /* MainMenu.xib in Resources */,
				C6DF33721A8114BA00716306 /* Images.xcassets in Resources */,
				C6B8C3521AD501E200AF7B11 /* mac.entitlements in Resources */,
			);
			runOnlyForDeploymentPostprocessing = 0;
		};
/* End PBXResourcesBuildPhase section */

/* Begin PBXShellScriptBuildPhase section */
		C6353EAA1A80E697006A534E /* ShellScript */ = {
			isa = PBXShellScriptBuildPhase;
			buildActionMask = 2147483647;
			files = (
			);
			inputPaths = (
			);
			outputPaths = (
			);
			runOnlyForDeploymentPostprocessing = 0;
			shellPath = /bin/sh;
			shellScript = "DIR1=${TARGET_BUILD_DIR}/${PRODUCT_NAME}\ncp -f \"res/splash.png\" \"${DIR1}.app/Contents/Resources/base_p/splash.png\"\n";
		};
/* End PBXShellScriptBuildPhase section */

/* Begin PBXSourcesBuildPhase section */
		C6C0D9DB1A710BD600F125C2 /* Sources */ = {
			isa = PBXSourcesBuildPhase;
			buildActionMask = 2147483647;
			files = (
				E737B9F61F78F33B00017577 /* Scene.cpp in Sources */,
				A6869E101D229EF600C1D1B1 /* TestAppDelegate.cpp in Sources */,
				E737BA071F7958D100017577 /* CircleAim.cpp in Sources */,
				E737B9FA1F791BDF00017577 /* SceneWidget.cpp in Sources */,
				A6869E0F1D229EF600C1D1B1 /* Main.cpp in Sources */,
				E737B9FD1F791E5D00017577 /* ImageWidget.cpp in Sources */,
				E737BA001F79488F00017577 /* ButtonWidget.cpp in Sources */,
			);
			runOnlyForDeploymentPostprocessing = 0;
		};
/* End PBXSourcesBuildPhase section */

/* Begin XCBuildConfiguration section */
		C6C0D9D91A710B6400F125C2 /* Debug */ = {
			isa = XCBuildConfiguration;
			buildSettings = {
				ALWAYS_SEARCH_USER_PATHS = NO;
				CLANG_CXX_LANGUAGE_STANDARD = "c++0x";
				CLANG_CXX_LIBRARY = "libc++";
				CLANG_ENABLE_OBJC_ARC = YES;
				CLANG_WARN_BOOL_CONVERSION = YES;
				CLANG_WARN_CONSTANT_CONVERSION = YES;
				CLANG_WARN_EMPTY_BODY = YES;
				CLANG_WARN_ENUM_CONVERSION = YES;
				CLANG_WARN_INFINITE_RECURSION = YES;
				CLANG_WARN_INT_CONVERSION = YES;
				CLANG_WARN_OBJC_EXPLICIT_OWNERSHIP_TYPE = YES;
				CLANG_WARN_OBJC_IMPLICIT_RETAIN_SELF = YES;
				CLANG_WARN_OBJC_RECEIVER_WEAK = YES;
				CLANG_WARN_OBJC_REPEATED_USE_OF_WEAK = YES;
				CLANG_WARN_OBJC_ROOT_CLASS = YES_ERROR;
				CLANG_WARN_SUSPICIOUS_MOVE = YES;
				CLANG_WARN_UNREACHABLE_CODE = YES;
				CLANG_WARN__DUPLICATE_METHOD_MATCH = YES;
				COMBINE_HIDPI_IMAGES = YES;
				COPY_PHASE_STRIP = NO;
				ENABLE_STRICT_OBJC_MSGSEND = YES;
				ENABLE_TESTABILITY = YES;
				FRAMEWORK_SEARCH_PATHS = "";
				GCC_C_LANGUAGE_STANDARD = c11;
				GCC_DYNAMIC_NO_PIC = NO;
				GCC_INLINES_ARE_PRIVATE_EXTERN = YES;
				GCC_NO_COMMON_BLOCKS = YES;
				GCC_OPTIMIZATION_LEVEL = 0;
				GCC_PRECOMPILE_PREFIX_HEADER = YES;
				GCC_PREFIX_HEADER = ../../src/stdafx.h;
				GCC_PREPROCESSOR_DEFINITIONS = (
					_DEBUG,
					DEBUG,
				);
				GCC_SYMBOLS_PRIVATE_EXTERN = YES;
				GCC_WARN_64_TO_32_BIT_CONVERSION = NO;
				GCC_WARN_ABOUT_RETURN_TYPE = YES;
				GCC_WARN_UNDECLARED_SELECTOR = YES;
				GCC_WARN_UNINITIALIZED_AUTOS = YES_AGGRESSIVE;
				GCC_WARN_UNUSED_FUNCTION = YES;
				GCC_WARN_UNUSED_VARIABLE = YES;
				HEADER_SEARCH_PATHS = (
					../../engine/include,
					../../engine/rapidxml,
					../../libs/boost,
					../../libs/ogg/include,
					../../libs/vorbis/include,
					../../libs/png/include,
					../../libs/jpeg/include,
					../../libs/lua/include,
					../../libs/luabind/include/,
					../../libs/utfcpp/include,
					../../libs/zlib/include,
					../../libs/rapidjson,
					../../libs/pugixml/include,
					../../libs/urdl/include,
					../../libs/imgui/include,
					../../libs/openssl/include/osx,
				);
				LIBCONFIG = Debug;
				LIBRARY_SEARCH_PATHS = (
					"../../libs/boost/lib/osx/${LIBCONFIG}",
					"../../libs/ogg/lib/osx/${LIBCONFIG}",
					"../../libs/vorbis/lib/osx/${LIBCONFIG}",
					"../../libs/theora/lib/osx/${LIBCONFIG}",
					"../../libs/png/lib/osx/${LIBCONFIG}",
					"../../libs/jpeg/lib/osx/${LIBCONFIG}",
					../../libs/webp/lib/osx,
					"../../libs/lua/lib/osx/${LIBCONFIG}",
					"../../libs/luabind/lib/osx/${LIBCONFIG}",
					"../../libs/zlib/lib/osx/${LIBCONFIG}",
					"../../libs/freetype/lib/osx/${LIBCONFIG}",
					"../../libs/pugixml/lib/osx/${LIBCONFIG}",
					"../../libs/imgui/lib/osx/${LIBCONFIG}",
					../../libs/openssl/lib/osx,
					"../../engine/lib/osx/${LIBCONFIG}",
				);
				LLVM_LTO = NO;
				MACOSX_DEPLOYMENT_TARGET = 10.7;
				ONLY_ACTIVE_ARCH = YES;
				OTHER_CFLAGS = (
					"-Werror=uninitialized",
					"-Werror=return-type",
				);
				OTHER_LDFLAGS = (
					"-lEngine_Mac",
					"-logg",
					"-lvorbis",
					"-ltheora",
					"-lpng",
					"-ljpeg",
					"-lluabind",
					"-llua",
					"-lzlib",
					"-lboost_thread",
					"-lboost_filesystem",
					"-lboost_system",
					"-lFreetype",
					"-lpugixml",
					"-lwebp",
					"-limgui",
					"-lcrypto",
					"-lssl",
					"-ObjC",
					"-w",
				);
				SDKROOT = macosx;
				VALID_ARCHS = x86_64;
			};
			name = Debug;
		};
		C6C0D9DA1A710B6400F125C2 /* Release */ = {
			isa = XCBuildConfiguration;
			buildSettings = {
				ALWAYS_SEARCH_USER_PATHS = NO;
				CLANG_CXX_LANGUAGE_STANDARD = "c++0x";
				CLANG_CXX_LIBRARY = "libc++";
				CLANG_ENABLE_OBJC_ARC = YES;
				CLANG_WARN_BOOL_CONVERSION = YES;
				CLANG_WARN_CONSTANT_CONVERSION = YES;
				CLANG_WARN_EMPTY_BODY = YES;
				CLANG_WARN_ENUM_CONVERSION = YES;
				CLANG_WARN_INFINITE_RECURSION = YES;
				CLANG_WARN_INT_CONVERSION = YES;
				CLANG_WARN_OBJC_EXPLICIT_OWNERSHIP_TYPE = YES;
				CLANG_WARN_OBJC_IMPLICIT_RETAIN_SELF = YES;
				CLANG_WARN_OBJC_RECEIVER_WEAK = YES;
				CLANG_WARN_OBJC_REPEATED_USE_OF_WEAK = YES;
				CLANG_WARN_OBJC_ROOT_CLASS = YES_ERROR;
				CLANG_WARN_SUSPICIOUS_MOVE = YES;
				CLANG_WARN_UNREACHABLE_CODE = YES;
				CLANG_WARN__DUPLICATE_METHOD_MATCH = YES;
				COMBINE_HIDPI_IMAGES = YES;
				COPY_PHASE_STRIP = YES;
				DEBUG_INFORMATION_FORMAT = "dwarf-with-dsym";
				ENABLE_STRICT_OBJC_MSGSEND = YES;
				FRAMEWORK_SEARCH_PATHS = "";
				GCC_C_LANGUAGE_STANDARD = c11;
				GCC_DYNAMIC_NO_PIC = NO;
				GCC_INLINES_ARE_PRIVATE_EXTERN = YES;
				GCC_NO_COMMON_BLOCKS = YES;
				GCC_OPTIMIZATION_LEVEL = 2;
				GCC_PRECOMPILE_PREFIX_HEADER = YES;
				GCC_PREFIX_HEADER = ../../src/stdafx.h;
				GCC_PREPROCESSOR_DEFINITIONS = NDEBUG;
				GCC_SYMBOLS_PRIVATE_EXTERN = YES;
				GCC_WARN_64_TO_32_BIT_CONVERSION = NO;
				GCC_WARN_ABOUT_RETURN_TYPE = YES;
				GCC_WARN_UNDECLARED_SELECTOR = YES;
				GCC_WARN_UNINITIALIZED_AUTOS = YES_AGGRESSIVE;
				GCC_WARN_UNUSED_FUNCTION = YES;
				GCC_WARN_UNUSED_VARIABLE = YES;
				HEADER_SEARCH_PATHS = (
					../../engine/include,
					../../engine/rapidxml,
					../../libs/boost,
					../../libs/ogg/include,
					../../libs/vorbis/include,
					../../libs/png/include,
					../../libs/jpeg/include,
					../../libs/lua/include,
					../../libs/luabind/include/,
					../../libs/utfcpp/include,
					../../libs/zlib/include,
					../../libs/rapidjson,
					../../libs/pugixml/include,
					../../libs/urdl/include,
					../../libs/imgui/include,
					../../libs/openssl/include/osx,
				);
				LIBCONFIG = Release;
				LIBRARY_SEARCH_PATHS = (
					"../../libs/boost/lib/osx/${LIBCONFIG}",
					"../../libs/ogg/lib/osx/${LIBCONFIG}",
					"../../libs/vorbis/lib/osx/${LIBCONFIG}",
					"../../libs/theora/lib/osx/${LIBCONFIG}",
					"../../libs/png/lib/osx/${LIBCONFIG}",
					"../../libs/jpeg/lib/osx/${LIBCONFIG}",
					../../libs/webp/lib/osx,
					"../../libs/lua/lib/osx/${LIBCONFIG}",
					"../../libs/luabind/lib/osx/${LIBCONFIG}",
					"../../libs/zlib/lib/osx/${LIBCONFIG}",
					"../../libs/freetype/lib/osx/${LIBCONFIG}",
					"../../libs/pugixml/lib/osx/${LIBCONFIG}",
					"../../libs/imgui/lib/osx/${LIBCONFIG}",
					../../libs/openssl/lib/osx,
					"../../engine/lib/osx/${LIBCONFIG}",
				);
				LLVM_LTO = NO;
				MACOSX_DEPLOYMENT_TARGET = 10.7;
				OTHER_CFLAGS = (
					"-Werror=uninitialized",
					"-Werror=return-type",
				);
				OTHER_LDFLAGS = (
					"-lEngine_Mac",
					"-logg",
					"-lvorbis",
					"-ltheora",
					"-lpng",
					"-ljpeg",
					"-lluabind",
					"-llua",
					"-lzlib",
					"-lboost_thread",
					"-lboost_filesystem",
					"-lboost_system",
					"-lFreetype",
					"-lpugixml",
					"-lwebp",
					"-limgui",
					"-lcrypto",
					"-lssl",
					"-ObjC",
					"-w",
				);
				SDKROOT = macosx;
				VALID_ARCHS = x86_64;
			};
			name = Release;
		};
		C6C0D9FA1A710BD700F125C2 /* Debug */ = {
			isa = XCBuildConfiguration;
			buildSettings = {
				ASSETCATALOG_COMPILER_APPICON_NAME = AppIcon;
				CODE_SIGN_ENTITLEMENTS = mac.entitlements;
				CODE_SIGN_IDENTITY = "";
				ENABLE_STRICT_OBJC_MSGSEND = YES;
				GCC_PREPROCESSOR_DEFINITIONS = "$(inherited)";
				INFOPLIST_FILE = res/Info.plist;
				LD_RUNPATH_SEARCH_PATHS = "$(inherited) @executable_path/../Frameworks";
				MTL_ENABLE_DEBUG_INFO = YES;
				PRODUCT_BUNDLE_IDENTIFIER = "com.playrix.programmers-test-mac";
				PRODUCT_NAME = "$(TARGET_NAME)";
				PROVISIONING_PROFILE = "";
			};
			name = Debug;
		};
		C6C0D9FB1A710BD700F125C2 /* Release */ = {
			isa = XCBuildConfiguration;
			buildSettings = {
				ASSETCATALOG_COMPILER_APPICON_NAME = AppIcon;
				CODE_SIGN_ENTITLEMENTS = mac.entitlements;
				CODE_SIGN_IDENTITY = "";
				ENABLE_STRICT_OBJC_MSGSEND = YES;
				GCC_PREPROCESSOR_DEFINITIONS = "$(inherited)";
				INFOPLIST_FILE = res/Info.plist;
				INSTALL_PATH = /Applications;
				LD_RUNPATH_SEARCH_PATHS = "$(inherited) @executable_path/../Frameworks";
				MTL_ENABLE_DEBUG_INFO = NO;
				PRODUCT_BUNDLE_IDENTIFIER = "com.playrix.programmers-test-mac";
				PRODUCT_NAME = "$(TARGET_NAME)";
				PROVISIONING_PROFILE = "";
			};
			name = Release;
		};
		C6D17BD11A7638A500A1C3FE /* Production */ = {
			isa = XCBuildConfiguration;
			buildSettings = {
				ALWAYS_SEARCH_USER_PATHS = NO;
				CLANG_CXX_LANGUAGE_STANDARD = "c++0x";
				CLANG_CXX_LIBRARY = "libc++";
				CLANG_ENABLE_OBJC_ARC = YES;
				CLANG_WARN_BOOL_CONVERSION = YES;
				CLANG_WARN_CONSTANT_CONVERSION = YES;
				CLANG_WARN_EMPTY_BODY = YES;
				CLANG_WARN_ENUM_CONVERSION = YES;
				CLANG_WARN_INFINITE_RECURSION = YES;
				CLANG_WARN_INT_CONVERSION = YES;
				CLANG_WARN_OBJC_EXPLICIT_OWNERSHIP_TYPE = YES;
				CLANG_WARN_OBJC_IMPLICIT_RETAIN_SELF = YES;
				CLANG_WARN_OBJC_RECEIVER_WEAK = YES;
				CLANG_WARN_OBJC_REPEATED_USE_OF_WEAK = YES;
				CLANG_WARN_OBJC_ROOT_CLASS = YES_ERROR;
				CLANG_WARN_SUSPICIOUS_MOVE = YES;
				CLANG_WARN_UNREACHABLE_CODE = YES;
				CLANG_WARN__DUPLICATE_METHOD_MATCH = YES;
				COMBINE_HIDPI_IMAGES = YES;
				COPY_PHASE_STRIP = YES;
				DEBUG_INFORMATION_FORMAT = "dwarf-with-dsym";
				ENABLE_STRICT_OBJC_MSGSEND = YES;
				FRAMEWORK_SEARCH_PATHS = "";
				GCC_C_LANGUAGE_STANDARD = c11;
				GCC_DYNAMIC_NO_PIC = NO;
				GCC_INLINES_ARE_PRIVATE_EXTERN = YES;
				GCC_NO_COMMON_BLOCKS = YES;
				GCC_OPTIMIZATION_LEVEL = 2;
				GCC_PRECOMPILE_PREFIX_HEADER = YES;
				GCC_PREFIX_HEADER = ../../src/stdafx.h;
				GCC_PREPROCESSOR_DEFINITIONS = (
					NDEBUG,
					PRODUCTION,
				);
				GCC_SYMBOLS_PRIVATE_EXTERN = YES;
				GCC_WARN_64_TO_32_BIT_CONVERSION = NO;
				GCC_WARN_ABOUT_RETURN_TYPE = YES;
				GCC_WARN_UNDECLARED_SELECTOR = YES;
				GCC_WARN_UNINITIALIZED_AUTOS = YES_AGGRESSIVE;
				GCC_WARN_UNUSED_FUNCTION = YES;
				GCC_WARN_UNUSED_VARIABLE = YES;
				HEADER_SEARCH_PATHS = (
					../../engine/include,
					../../engine/rapidxml,
					../../libs/boost,
					../../libs/ogg/include,
					../../libs/vorbis/include,
					../../libs/png/include,
					../../libs/jpeg/include,
					../../libs/lua/include,
					../../libs/luabind/include/,
					../../libs/utfcpp/include,
					../../libs/zlib/include,
					../../libs/rapidjson,
					../../libs/pugixml/include,
					../../libs/urdl/include,
					../../libs/imgui/include,
					../../libs/openssl/include/osx,
				);
				LIBCONFIG = Release;
				LIBRARY_SEARCH_PATHS = (
					"../../libs/boost/lib/osx/${LIBCONFIG}",
					"../../libs/ogg/lib/osx/${LIBCONFIG}",
					"../../libs/vorbis/lib/osx/${LIBCONFIG}",
					"../../libs/theora/lib/osx/${LIBCONFIG}",
					"../../libs/png/lib/osx/${LIBCONFIG}",
					"../../libs/jpeg/lib/osx/${LIBCONFIG}",
					../../libs/webp/lib/osx,
					"../../libs/lua/lib/osx/${LIBCONFIG}",
					"../../libs/luabind/lib/osx/${LIBCONFIG}",
					"../../libs/zlib/lib/osx/${LIBCONFIG}",
					"../../libs/freetype/lib/osx/${LIBCONFIG}",
					"../../libs/pugixml/lib/osx/${LIBCONFIG}",
					"../../libs/imgui/lib/osx/${LIBCONFIG}",
					../../libs/openssl/lib/osx,
					"../../engine/lib/osx/${LIBCONFIG}",
				);
				LLVM_LTO = NO;
				MACOSX_DEPLOYMENT_TARGET = 10.7;
				OTHER_CFLAGS = (
					"-Werror=uninitialized",
					"-Werror=return-type",
				);
				OTHER_LDFLAGS = (
					"-lEngine_Mac",
					"-logg",
					"-lvorbis",
					"-ltheora",
					"-lpng",
					"-ljpeg",
					"-lluabind",
					"-llua",
					"-lzlib",
					"-lboost_thread",
					"-lboost_filesystem",
					"-lboost_system",
					"-lFreetype",
					"-lpugixml",
					"-lwebp",
					"-limgui",
					"-lcrypto",
					"-lssl",
					"-ObjC",
					"-w",
				);
				SDKROOT = macosx;
				VALID_ARCHS = x86_64;
			};
			name = Production;
		};
		C6D17BD21A7638A500A1C3FE /* Production */ = {
			isa = XCBuildConfiguration;
			buildSettings = {
				ASSETCATALOG_COMPILER_APPICON_NAME = AppIcon;
				CODE_SIGN_ENTITLEMENTS = mac.entitlements;
				CODE_SIGN_IDENTITY = "";
				ENABLE_STRICT_OBJC_MSGSEND = YES;
				GCC_PREPROCESSOR_DEFINITIONS = "$(inherited)";
				INFOPLIST_FILE = res/Info.plist;
				INSTALL_PATH = /Applications;
				LD_RUNPATH_SEARCH_PATHS = "$(inherited) @executable_path/../Frameworks";
				MTL_ENABLE_DEBUG_INFO = NO;
				PRODUCT_BUNDLE_IDENTIFIER = "com.playrix.programmers-test-mac";
				PRODUCT_NAME = "$(TARGET_NAME)";
				PROVISIONING_PROFILE = "";
			};
			name = Production;
		};
/* End XCBuildConfiguration section */

/* Begin XCConfigurationList section */
		C6C0D9D81A710B6400F125C2 /* Build configuration list for PBXProject "Test" */ = {
			isa = XCConfigurationList;
			buildConfigurations = (
				C6C0D9D91A710B6400F125C2 /* Debug */,
				C6C0D9DA1A710B6400F125C2 /* Release */,
				C6D17BD11A7638A500A1C3FE /* Production */,
			);
			defaultConfigurationIsVisible = 0;
			defaultConfigurationName = Release;
		};
		C6C0D9FE1A710BD700F125C2 /* Build configuration list for PBXNativeTarget "Test" */ = {
			isa = XCConfigurationList;
			buildConfigurations = (
				C6C0D9FA1A710BD700F125C2 /* Debug */,
				C6C0D9FB1A710BD700F125C2 /* Release */,
				C6D17BD21A7638A500A1C3FE /* Production */,
			);
			defaultConfigurationIsVisible = 0;
			defaultConfigurationName = Release;
		};
/* End XCConfigurationList section */
	};
	rootObject = C6C0D9D51A710B6400F125C2 /* Project object */;
}
